
Microsoft Visual Studio Solution File, Format Version 12.00
# Visual Studio Version 16
VisualStudioVersion = 16.0.30804.86
MinimumVisualStudioVersion = 10.0.40219.1
Project("{FAE04EC0-301F-11D3-BF4B-00C04F79EFBC}") = "BFME2 Macro Mapper", "BFME2 Macro Mapper.csproj", "{A25F62D7-363D-4301-8095-CC1C1D34BA58}"
EndProject
Global
	GlobalSection(SolutionConfigurationPlatforms) = preSolution
		Debug|Any CPU = Debug|Any CPU
		Release|Any CPU = Release|Any CPU
	EndGlobalSection
	GlobalSection(ProjectConfigurationPlatforms) = postSolution
		{A25F62D7-363D-4301-8095-CC1C1D34BA58}.Debug|Any CPU.ActiveCfg = Debug|Any CPU
		{A25F62D7-363D-4301-8095-CC1C1D34BA58}.Debug|Any CPU.Build.0 = Debug|Any CPU
		{A25F62D7-363D-4301-8095-CC1C1D34BA58}.Release|Any CPU.ActiveCfg = Release|Any CPU
		{A25F62D7-363D-4301-8095-CC1C1D34BA58}.Release|Any CPU.Build.0 = Release|Any CPU
	EndGlobalSection
	GlobalSection(SolutionProperties) = preSolution
		HideSolutionNode = FALSE
	EndGlobalSection
	GlobalSection(ExtensibilityGlobals) = postSolution
		SolutionGuid = {A744DD7B-3F11-4782-BD2D-DA6BE017008D}
	EndGlobalSection
EndGlobal
